
Microsoft Visual Studio Solution File, Format Version 12.00
# Visual Studio Version 16
VisualStudioVersion = 16.0.28822.285
MinimumVisualStudioVersion = 10.0.40219.1
Project("{9A19103F-16F7-4668-BE54-9A1E7A4F7556}") = "Core.Domain", "Core.Domain\Core.Domain.csproj", "{FBE4CF38-9D7B-430F-B83D-EFD2CCAAC269}"
EndProject
Project("{FAE04EC0-301F-11D3-BF4B-00C04F79EFBC}") = "BlazorFromServer", "BlazorFromServer\BlazorFromServer.csproj", "{1E78FD76-ACA7-459A-861E-0B068B7B8559}"
EndProject
Global
	GlobalSection(SolutionConfigurationPlatforms) = preSolution
		Debug|Any CPU = Debug|Any CPU
		Release|Any CPU = Release|Any CPU
	EndGlobalSection
	GlobalSection(ProjectConfigurationPlatforms) = postSolution
		{FBE4CF38-9D7B-430F-B83D-EFD2CCAAC269}.Debug|Any CPU.ActiveCfg = Debug|Any CPU
		{FBE4CF38-9D7B-430F-B83D-EFD2CCAAC269}.Debug|Any CPU.Build.0 = Debug|Any CPU
		{FBE4CF38-9D7B-430F-B83D-EFD2CCAAC269}.Release|Any CPU.ActiveCfg = Release|Any CPU
		{FBE4CF38-9D7B-430F-B83D-EFD2CCAAC269}.Release|Any CPU.Build.0 = Release|Any CPU
		{1E78FD76-ACA7-459A-861E-0B068B7B8559}.Debug|Any CPU.ActiveCfg = Debug|Any CPU
		{1E78FD76-ACA7-459A-861E-0B068B7B8559}.Debug|Any CPU.Build.0 = Debug|Any CPU
		{1E78FD76-ACA7-459A-861E-0B068B7B8559}.Release|Any CPU.ActiveCfg = Release|Any CPU
		{1E78FD76-ACA7-459A-861E-0B068B7B8559}.Release|Any CPU.Build.0 = Release|Any CPU
	EndGlobalSection
	GlobalSection(SolutionProperties) = preSolution
		HideSolutionNode = FALSE
	EndGlobalSection
	GlobalSection(ExtensibilityGlobals) = postSolution
		SolutionGuid = {82F2C37B-DDCF-450E-BCB5-15E751C64DE1}
	EndGlobalSection
EndGlobal
